
Microsoft Visual Studio Solution File, Format Version 12.00
# Visual Studio Version 17
VisualStudioVersion = 17.3.32804.467
MinimumVisualStudioVersion = 10.0.40219.1
Project("{9A19103F-16F7-4668-BE54-9A1E7A4F7556}") = "Demo.PL", "Demo.PL.csproj", "{2ACF0289-FE09-49B8-A6BE-82376AC5820E}"
EndProject
Project("{9A19103F-16F7-4668-BE54-9A1E7A4F7556}") = "Demo.BLL", "..\Demo.BLL\Demo.BLL.csproj", "{D37C03DE-B5A2-4F06-AACB-898AAD0E4A80}"
EndProject
Project("{9A19103F-16F7-4668-BE54-9A1E7A4F7556}") = "Demo.DAL", "..\Demo.DAL\Demo.DAL.csproj", "{09B66809-099A-4067-8F1A-F1FC6EC62B61}"
EndProject
Global
	GlobalSection(SolutionConfigurationPlatforms) = preSolution
		Debug|Any CPU = Debug|Any CPU
		Release|Any CPU = Release|Any CPU
	EndGlobalSection
	GlobalSection(ProjectConfigurationPlatforms) = postSolution
		{2ACF0289-FE09-49B8-A6BE-82376AC5820E}.Debug|Any CPU.ActiveCfg = Debug|Any CPU
		{2ACF0289-FE09-49B8-A6BE-82376AC5820E}.Debug|Any CPU.Build.0 = Debug|Any CPU
		{2ACF0289-FE09-49B8-A6BE-82376AC5820E}.Release|Any CPU.ActiveCfg = Release|Any CPU
		{2ACF0289-FE09-49B8-A6BE-82376AC5820E}.Release|Any CPU.Build.0 = Release|Any CPU
		{D37C03DE-B5A2-4F06-AACB-898AAD0E4A80}.Debug|Any CPU.ActiveCfg = Debug|Any CPU
		{D37C03DE-B5A2-4F06-AACB-898AAD0E4A80}.Debug|Any CPU.Build.0 = Debug|Any CPU
		{D37C03DE-B5A2-4F06-AACB-898AAD0E4A80}.Release|Any CPU.ActiveCfg = Release|Any CPU
		{D37C03DE-B5A2-4F06-AACB-898AAD0E4A80}.Release|Any CPU.Build.0 = Release|Any CPU
		{09B66809-099A-4067-8F1A-F1FC6EC62B61}.Debug|Any CPU.ActiveCfg = Debug|Any CPU
		{09B66809-099A-4067-8F1A-F1FC6EC62B61}.Debug|Any CPU.Build.0 = Debug|Any CPU
		{09B66809-099A-4067-8F1A-F1FC6EC62B61}.Release|Any CPU.ActiveCfg = Release|Any CPU
		{09B66809-099A-4067-8F1A-F1FC6EC62B61}.Release|Any CPU.Build.0 = Release|Any CPU
	EndGlobalSection
	GlobalSection(SolutionProperties) = preSolution
		HideSolutionNode = FALSE
	EndGlobalSection
	GlobalSection(ExtensibilityGlobals) = postSolution
		SolutionGuid = {887E4578-2DD2-4296-9AD5-B70A9EA23E97}
	EndGlobalSection
EndGlobal
